
Microsoft Visual Studio Solution File, Format Version 12.00
# Visual Studio Version 17
VisualStudioVersion = 17.14.36518.9 d17.14
MinimumVisualStudioVersion = 10.0.40219.1
Project("{FAE04EC0-301F-11D3-BF4B-00C04F79EFBC}") = "Hoza_Ariana_Romina_Lab2", "Hoza_Ariana_Romina_Lab2.csproj", "{BF00F61A-1568-4113-A3DD-B1BA53689C31}"
EndProject
Global
	GlobalSection(SolutionConfigurationPlatforms) = preSolution
		Debug|Any CPU = Debug|Any CPU
		Release|Any CPU = Release|Any CPU
	EndGlobalSection
	GlobalSection(ProjectConfigurationPlatforms) = postSolution
		{BF00F61A-1568-4113-A3DD-B1BA53689C31}.Debug|Any CPU.ActiveCfg = Debug|Any CPU
		{BF00F61A-1568-4113-A3DD-B1BA53689C31}.Debug|Any CPU.Build.0 = Debug|Any CPU
		{BF00F61A-1568-4113-A3DD-B1BA53689C31}.Release|Any CPU.ActiveCfg = Release|Any CPU
		{BF00F61A-1568-4113-A3DD-B1BA53689C31}.Release|Any CPU.Build.0 = Release|Any CPU
	EndGlobalSection
	GlobalSection(SolutionProperties) = preSolution
		HideSolutionNode = FALSE
	EndGlobalSection
	GlobalSection(ExtensibilityGlobals) = postSolution
		SolutionGuid = {CBF74109-DEA5-4527-9623-EA06773FC367}
	EndGlobalSection
EndGlobal
